
Microsoft Visual Studio Solution File, Format Version 12.00
# Visual Studio Version 16
VisualStudioVersion = 16.0.30128.74
MinimumVisualStudioVersion = 10.0.40219.1
Project("{FAE04EC0-301F-11D3-BF4B-00C04F79EFBC}") = "Laurea Calculator", "Laurea Calculator\Laurea Calculator.csproj", "{B9D62292-37AD-441D-BC93-DA44F999D013}"
EndProject
Global
	GlobalSection(SolutionConfigurationPlatforms) = preSolution
		Debug|Any CPU = Debug|Any CPU
		Release|Any CPU = Release|Any CPU
	EndGlobalSection
	GlobalSection(ProjectConfigurationPlatforms) = postSolution
		{B9D62292-37AD-441D-BC93-DA44F999D013}.Debug|Any CPU.ActiveCfg = Debug|Any CPU
		{B9D62292-37AD-441D-BC93-DA44F999D013}.Debug|Any CPU.Build.0 = Debug|Any CPU
		{B9D62292-37AD-441D-BC93-DA44F999D013}.Release|Any CPU.ActiveCfg = Release|Any CPU
		{B9D62292-37AD-441D-BC93-DA44F999D013}.Release|Any CPU.Build.0 = Release|Any CPU
	EndGlobalSection
	GlobalSection(SolutionProperties) = preSolution
		HideSolutionNode = FALSE
	EndGlobalSection
	GlobalSection(ExtensibilityGlobals) = postSolution
		SolutionGuid = {F6EF979F-20AE-4D3C-B605-6EFC72865FB5}
	EndGlobalSection
EndGlobal
